
Microsoft Visual Studio Solution File, Format Version 12.00
# Visual Studio Version 17
VisualStudioVersion = 17.7.34202.233
MinimumVisualStudioVersion = 10.0.40219.1
Project("{FAE04EC0-301F-11D3-BF4B-00C04F79EFBC}") = "University", "University\University.csproj", "{D9621A46-96F9-446C-A838-E8C93ED3F86A}"
EndProject
Global
	GlobalSection(SolutionConfigurationPlatforms) = preSolution
		Debug|Any CPU = Debug|Any CPU
		Release|Any CPU = Release|Any CPU
	EndGlobalSection
	GlobalSection(ProjectConfigurationPlatforms) = postSolution
		{D9621A46-96F9-446C-A838-E8C93ED3F86A}.Debug|Any CPU.ActiveCfg = Debug|Any CPU
		{D9621A46-96F9-446C-A838-E8C93ED3F86A}.Debug|Any CPU.Build.0 = Debug|Any CPU
		{D9621A46-96F9-446C-A838-E8C93ED3F86A}.Release|Any CPU.ActiveCfg = Release|Any CPU
		{D9621A46-96F9-446C-A838-E8C93ED3F86A}.Release|Any CPU.Build.0 = Release|Any CPU
	EndGlobalSection
	GlobalSection(SolutionProperties) = preSolution
		HideSolutionNode = FALSE
	EndGlobalSection
	GlobalSection(ExtensibilityGlobals) = postSolution
		SolutionGuid = {38B083EA-8FD8-4541-AD9E-6C39F668C1FF}
	EndGlobalSection
EndGlobal
